{
    "hash": "8851e0b66086ae8f83e9c087983a0cd8",
    "packages": [
        {
            "package": "doctrine/common",
            "version": "2.2.2"
        },
        {
            "package": "doctrine/data-fixtures",
            "version": "dev-master",
            "source-reference": "aea0b95a554188892f10d8f09ce3ae8150f28f8b"
        },
        {
            "package": "doctrine/dbal",
            "version": "2.2.2"
        },
        {
            "package": "doctrine/doctrine-bundle",
            "version": "dev-master",
            "source-reference": "dd3d35dd28e864fb908a70f8b206d1209aa2c333"
        },
        {
            "package": "doctrine/doctrine-fixtures-bundle",
            "version": "dev-master",
            "source-reference": "33b267d3068d6c2f8daa0b417285cf76e7f82fc4"
        },
        {
            "package": "doctrine/orm",
            "version": "2.2.0"
        },
        {
            "package": "gedmo/doctrine-extensions",
            "version": "dev-master",
            "source-reference": "49cee3615341b8c426bac121219539cdac55c344"
        },
        {
            "package": "stof/doctrine-extensions-bundle",
            "version": "dev-master",
            "source-reference": "59be31ee6d89f0af0e055385e6b7474ebed161db"
        },
        {
            "package": "symfony/symfony",
            "version": "dev-master",
            "source-reference": "e7470ffebb07d1f09fe80c98670a00236d581563",
            "alias": "2.1.9999999.9999999-dev"
        },
        {
            "package": "twig/twig",
            "version": "dev-master",
            "source-reference": "5799a889c03e38a2c6d0b475194ab8c0b8904487",
            "alias": "1.7.9999999.9999999-dev"
        }
    ],
    "packages-dev": null,
    "aliases": []
}
