{
    "hash": "7f5e214aca91877f55f783cffbe27dfb",
    "packages": [
        {
            "package": "doctrine/common",
            "version": "2.2.2"
        },
        {
            "package": "doctrine/data-fixtures",
            "version": "dev-master",
            "source-reference": "6d9f0d32041ad101cb390c36bcad691abb3eff5f"
        },
        {
            "package": "doctrine/dbal",
            "version": "2.2.2"
        },
        {
            "package": "doctrine/doctrine-bundle",
            "version": "dev-master",
            "source-reference": "dd3d35dd28e864fb908a70f8b206d1209aa2c333"
        },
        {
            "package": "doctrine/doctrine-fixtures-bundle",
            "version": "dev-master",
            "source-reference": "33b267d3068d6c2f8daa0b417285cf76e7f82fc4"
        },
        {
            "package": "doctrine/orm",
            "version": "2.2.0"
        },
        {
            "package": "gedmo/doctrine-extensions",
            "version": "dev-master",
            "source-reference": "ec5f3a680b127ebb3b5ae7caaea978d20a08af50"
        },
        {
            "package": "stof/doctrine-extensions-bundle",
            "version": "dev-master",
            "source-reference": "59be31ee6d89f0af0e055385e6b7474ebed161db"
        },
        {
            "package": "symfony/symfony",
            "version": "dev-master",
            "source-reference": "4d8461f243e8bd5c45eff02f85181f7b59c06a6a",
            "alias": "2.1.9999999.9999999-dev"
        },
        {
            "package": "twig/twig",
            "version": "dev-master",
            "source-reference": "037f86aa550737abf633e991f3606b9de5a69657",
            "alias": "1.7.9999999.9999999-dev"
        }
    ],
    "packages-dev": null,
    "aliases": []
}
