symfony 7f97b60d50031e4f1beb9a1a10c32dac816584cf
twig 9154d27622a349fb1986cb9d48014c464a0e9d5b
doctrine-common b886898821288d305862ee9c567cc5b5cbb4c0dc
doctrine-dbal 148a049df448af9772259e69a034e51c0c080805
doctrine e1647229cd2544bd77f10620e1b95a5781c4a733
doctrine-fixtures bed8908ae929562317e5c59dc0bee24f3b63067e
DoctrineFixturesBundle a66be2f077f3a4e5c3801b356b42b8782f1abbd6
gedmo-doctrine-extensions 8e72a1503709e95800f21f1ab1bc46e9c753945e
StofDoctrineExtensionsBundle e725a8c7c636024f7b96153e53b1fe0112d3139e
SensioFrameworkExtraBundle 638f545b7020b9e9d5944a7e3167f60ed848250d
SensioDistributionBundle 20b66a408084ad8752f98e50f10533f5245310bf
