symfony f7fb34ad350f9b67bade41956913dabb5236db00
twig 0a0febc32bbb7739df790211dcbe806de8d505a8
doctrine-common 2e930c38a0ef948f191f5f5e47723befdf647448
doctrine-dbal 4a62347d0cf9e1d5096bf201b23b331789cacc80
doctrine 2b7360e7382f282c992b0a0227c22ebc22839435
doctrine-fixtures cb562b44e74d67cc56022ebd7c4e741294f434d2
DoctrineFixturesBundle a66be2f077f3a4e5c3801b356b42b8782f1abbd6
gedmo-doctrine-extensions 4a6cd217f1c9604c96841dffb230b3b809d05cde
StofDoctrineExtensionsBundle ff7f1fc311ea63d014b7350225366403632ecd40
SensioFrameworkExtraBundle 02d973b55a35b9578e1a20d4537213b24db687cf
SensioDistributionBundle 20b66a408084ad8752f98e50f10533f5245310bf